
Microsoft Visual Studio Solution File, Format Version 12.00
# Visual Studio Version 17
VisualStudioVersion = 17.0.31612.314
MinimumVisualStudioVersion = 15.0.26124.0
Project("{9A19103F-16F7-4668-BE54-9A1E7A4F7556}") = "Assimalign.Azure.Cosmos.Demo", "Assimalign.Azure.Cosmos.Demo\Assimalign.Azure.Cosmos.Demo.csproj", "{7DCA00A6-DF9E-4A2B-A878-5859E6EE117F}"
EndProject
Project("{9A19103F-16F7-4668-BE54-9A1E7A4F7556}") = "Assimalign.Azure.Cosmos", "..\..\libraries\Assimalign.Azure.Cosmos\Assimalign.Azure.Cosmos\Assimalign.Azure.Cosmos.csproj", "{9CB4B84A-564A-4C0A-B217-9CAD3FE2A0F7}"
EndProject
Project("{9A19103F-16F7-4668-BE54-9A1E7A4F7556}") = "Assimalign.Azure.CosmosTests", "..\..\tests\Assimalign.Azure.CosmosTests\Assimalign.Azure.CosmosTests\Assimalign.Azure.CosmosTests.csproj", "{D3A98224-42A4-452F-B042-A1AF1ACBF9AB}"
EndProject
Project("{9A19103F-16F7-4668-BE54-9A1E7A4F7556}") = "Assimalign.Azure.Cosmos.Authorization", "..\..\libraries\Assimalign.Azure.Cosmos\Assimalign.Azure.Cosmos.Authorization\Assimalign.Azure.Cosmos.Authorization.csproj", "{FF502D39-E9E3-45EC-AB90-5375552BAD3F}"
EndProject
Global
	GlobalSection(SolutionConfigurationPlatforms) = preSolution
		Debug|Any CPU = Debug|Any CPU
		Debug|x64 = Debug|x64
		Debug|x86 = Debug|x86
		Release|Any CPU = Release|Any CPU
		Release|x64 = Release|x64
		Release|x86 = Release|x86
	EndGlobalSection
	GlobalSection(ProjectConfigurationPlatforms) = postSolution
		{7DCA00A6-DF9E-4A2B-A878-5859E6EE117F}.Debug|Any CPU.ActiveCfg = Debug|Any CPU
		{7DCA00A6-DF9E-4A2B-A878-5859E6EE117F}.Debug|Any CPU.Build.0 = Debug|Any CPU
		{7DCA00A6-DF9E-4A2B-A878-5859E6EE117F}.Debug|x64.ActiveCfg = Debug|Any CPU
		{7DCA00A6-DF9E-4A2B-A878-5859E6EE117F}.Debug|x64.Build.0 = Debug|Any CPU
		{7DCA00A6-DF9E-4A2B-A878-5859E6EE117F}.Debug|x86.ActiveCfg = Debug|Any CPU
		{7DCA00A6-DF9E-4A2B-A878-5859E6EE117F}.Debug|x86.Build.0 = Debug|Any CPU
		{7DCA00A6-DF9E-4A2B-A878-5859E6EE117F}.Release|Any CPU.ActiveCfg = Release|Any CPU
		{7DCA00A6-DF9E-4A2B-A878-5859E6EE117F}.Release|Any CPU.Build.0 = Release|Any CPU
		{7DCA00A6-DF9E-4A2B-A878-5859E6EE117F}.Release|x64.ActiveCfg = Release|Any CPU
		{7DCA00A6-DF9E-4A2B-A878-5859E6EE117F}.Release|x64.Build.0 = Release|Any CPU
		{7DCA00A6-DF9E-4A2B-A878-5859E6EE117F}.Release|x86.ActiveCfg = Release|Any CPU
		{7DCA00A6-DF9E-4A2B-A878-5859E6EE117F}.Release|x86.Build.0 = Release|Any CPU
		{9CB4B84A-564A-4C0A-B217-9CAD3FE2A0F7}.Debug|Any CPU.ActiveCfg = Debug|Any CPU
		{9CB4B84A-564A-4C0A-B217-9CAD3FE2A0F7}.Debug|Any CPU.Build.0 = Debug|Any CPU
		{9CB4B84A-564A-4C0A-B217-9CAD3FE2A0F7}.Debug|x64.ActiveCfg = Debug|Any CPU
		{9CB4B84A-564A-4C0A-B217-9CAD3FE2A0F7}.Debug|x64.Build.0 = Debug|Any CPU
		{9CB4B84A-564A-4C0A-B217-9CAD3FE2A0F7}.Debug|x86.ActiveCfg = Debug|Any CPU
		{9CB4B84A-564A-4C0A-B217-9CAD3FE2A0F7}.Debug|x86.Build.0 = Debug|Any CPU
		{9CB4B84A-564A-4C0A-B217-9CAD3FE2A0F7}.Release|Any CPU.ActiveCfg = Release|Any CPU
		{9CB4B84A-564A-4C0A-B217-9CAD3FE2A0F7}.Release|Any CPU.Build.0 = Release|Any CPU
		{9CB4B84A-564A-4C0A-B217-9CAD3FE2A0F7}.Release|x64.ActiveCfg = Release|Any CPU
		{9CB4B84A-564A-4C0A-B217-9CAD3FE2A0F7}.Release|x64.Build.0 = Release|Any CPU
		{9CB4B84A-564A-4C0A-B217-9CAD3FE2A0F7}.Release|x86.ActiveCfg = Release|Any CPU
		{9CB4B84A-564A-4C0A-B217-9CAD3FE2A0F7}.Release|x86.Build.0 = Release|Any CPU
		{D3A98224-42A4-452F-B042-A1AF1ACBF9AB}.Debug|Any CPU.ActiveCfg = Debug|Any CPU
		{D3A98224-42A4-452F-B042-A1AF1ACBF9AB}.Debug|Any CPU.Build.0 = Debug|Any CPU
		{D3A98224-42A4-452F-B042-A1AF1ACBF9AB}.Debug|x64.ActiveCfg = Debug|Any CPU
		{D3A98224-42A4-452F-B042-A1AF1ACBF9AB}.Debug|x64.Build.0 = Debug|Any CPU
		{D3A98224-42A4-452F-B042-A1AF1ACBF9AB}.Debug|x86.ActiveCfg = Debug|Any CPU
		{D3A98224-42A4-452F-B042-A1AF1ACBF9AB}.Debug|x86.Build.0 = Debug|Any CPU
		{D3A98224-42A4-452F-B042-A1AF1ACBF9AB}.Release|Any CPU.ActiveCfg = Release|Any CPU
		{D3A98224-42A4-452F-B042-A1AF1ACBF9AB}.Release|Any CPU.Build.0 = Release|Any CPU
		{D3A98224-42A4-452F-B042-A1AF1ACBF9AB}.Release|x64.ActiveCfg = Release|Any CPU
		{D3A98224-42A4-452F-B042-A1AF1ACBF9AB}.Release|x64.Build.0 = Release|Any CPU
		{D3A98224-42A4-452F-B042-A1AF1ACBF9AB}.Release|x86.ActiveCfg = Release|Any CPU
		{D3A98224-42A4-452F-B042-A1AF1ACBF9AB}.Release|x86.Build.0 = Release|Any CPU
		{FF502D39-E9E3-45EC-AB90-5375552BAD3F}.Debug|Any CPU.ActiveCfg = Debug|Any CPU
		{FF502D39-E9E3-45EC-AB90-5375552BAD3F}.Debug|Any CPU.Build.0 = Debug|Any CPU
		{FF502D39-E9E3-45EC-AB90-5375552BAD3F}.Debug|x64.ActiveCfg = Debug|Any CPU
		{FF502D39-E9E3-45EC-AB90-5375552BAD3F}.Debug|x64.Build.0 = Debug|Any CPU
		{FF502D39-E9E3-45EC-AB90-5375552BAD3F}.Debug|x86.ActiveCfg = Debug|Any CPU
		{FF502D39-E9E3-45EC-AB90-5375552BAD3F}.Debug|x86.Build.0 = Debug|Any CPU
		{FF502D39-E9E3-45EC-AB90-5375552BAD3F}.Release|Any CPU.ActiveCfg = Release|Any CPU
		{FF502D39-E9E3-45EC-AB90-5375552BAD3F}.Release|Any CPU.Build.0 = Release|Any CPU
		{FF502D39-E9E3-45EC-AB90-5375552BAD3F}.Release|x64.ActiveCfg = Release|Any CPU
		{FF502D39-E9E3-45EC-AB90-5375552BAD3F}.Release|x64.Build.0 = Release|Any CPU
		{FF502D39-E9E3-45EC-AB90-5375552BAD3F}.Release|x86.ActiveCfg = Release|Any CPU
		{FF502D39-E9E3-45EC-AB90-5375552BAD3F}.Release|x86.Build.0 = Release|Any CPU
	EndGlobalSection
	GlobalSection(SolutionProperties) = preSolution
		HideSolutionNode = FALSE
	EndGlobalSection
	GlobalSection(ExtensibilityGlobals) = postSolution
		SolutionGuid = {A04AD768-56FC-4846-9FEB-0099D5CCCCFB}
	EndGlobalSection
EndGlobal
